
Microsoft Visual Studio Solution File, Format Version 12.00
# Visual Studio Version 17
VisualStudioVersion = 17.7.34024.191
MinimumVisualStudioVersion = 10.0.40219.1
Project("{2150E333-8FDC-42A3-9474-1A3956D46DE8}") = "Doc", "Doc", "{964A8565-0B5D-44B0-98F7-F72D40F22CDB}"
EndProject
Project("{2150E333-8FDC-42A3-9474-1A3956D46DE8}") = "Solution Items", "Solution Items", "{979667AA-C740-4448-96F9-AB06E0D70059}"
EndProject
Project("{2150E333-8FDC-42A3-9474-1A3956D46DE8}") = "Src", "Src", "{EFB2B3DF-52CA-4059-B76E-7C368BCA0A90}"
EndProject
Project("{2150E333-8FDC-42A3-9474-1A3956D46DE8}") = "Tests", "Tests", "{8C85F222-FF7C-46BF-AD8B-60CCE09D48D8}"
EndProject
Project("{2150E333-8FDC-42A3-9474-1A3956D46DE8}") = "Core", "Core", "{D7BC8073-8028-4609-9E3A-81BAA4DE68B3}"
EndProject
Project("{2150E333-8FDC-42A3-9474-1A3956D46DE8}") = "Infrastructures", "Infrastructures", "{9633A8BD-5324-4931-91A3-41EB712327DB}"
EndProject
Project("{2150E333-8FDC-42A3-9474-1A3956D46DE8}") = "Presentation", "Presentation", "{049D0E6B-677E-4437-8428-AA2D2741F519}"
EndProject
Project("{FAE04EC0-301F-11D3-BF4B-00C04F79EFBC}") = "Domain", "Domain\Domain.csproj", "{85C14E4A-6D90-47EF-BD25-D82DC1FDD977}"
EndProject
Project("{FAE04EC0-301F-11D3-BF4B-00C04F79EFBC}") = "Application", "Application\Application.csproj", "{9EF93013-2180-4541-B86B-98EAC5AE1A69}"
EndProject
Project("{FAE04EC0-301F-11D3-BF4B-00C04F79EFBC}") = "Infrastructure", "Infrastructure\Infrastructure.csproj", "{AC303B28-24F3-4D78-A8B6-E7EAC106C805}"
EndProject
Project("{FAE04EC0-301F-11D3-BF4B-00C04F79EFBC}") = "Persistence", "Persistence\Persistence.csproj", "{3F10E58B-F4E2-4C04-BDDA-B1CEBCB8513F}"
EndProject
Project("{FAE04EC0-301F-11D3-BF4B-00C04F79EFBC}") = "WebSite.EndPoint", "WebSite.EndPoint\WebSite.EndPoint.csproj", "{2B7106A9-07E6-49BE-BBE3-2EA51D21E3D2}"
EndProject
Global
	GlobalSection(SolutionConfigurationPlatforms) = preSolution
		Debug|Any CPU = Debug|Any CPU
		Release|Any CPU = Release|Any CPU
	EndGlobalSection
	GlobalSection(ProjectConfigurationPlatforms) = postSolution
		{85C14E4A-6D90-47EF-BD25-D82DC1FDD977}.Debug|Any CPU.ActiveCfg = Debug|Any CPU
		{85C14E4A-6D90-47EF-BD25-D82DC1FDD977}.Debug|Any CPU.Build.0 = Debug|Any CPU
		{85C14E4A-6D90-47EF-BD25-D82DC1FDD977}.Release|Any CPU.ActiveCfg = Release|Any CPU
		{85C14E4A-6D90-47EF-BD25-D82DC1FDD977}.Release|Any CPU.Build.0 = Release|Any CPU
		{9EF93013-2180-4541-B86B-98EAC5AE1A69}.Debug|Any CPU.ActiveCfg = Debug|Any CPU
		{9EF93013-2180-4541-B86B-98EAC5AE1A69}.Debug|Any CPU.Build.0 = Debug|Any CPU
		{9EF93013-2180-4541-B86B-98EAC5AE1A69}.Release|Any CPU.ActiveCfg = Release|Any CPU
		{9EF93013-2180-4541-B86B-98EAC5AE1A69}.Release|Any CPU.Build.0 = Release|Any CPU
		{AC303B28-24F3-4D78-A8B6-E7EAC106C805}.Debug|Any CPU.ActiveCfg = Debug|Any CPU
		{AC303B28-24F3-4D78-A8B6-E7EAC106C805}.Debug|Any CPU.Build.0 = Debug|Any CPU
		{AC303B28-24F3-4D78-A8B6-E7EAC106C805}.Release|Any CPU.ActiveCfg = Release|Any CPU
		{AC303B28-24F3-4D78-A8B6-E7EAC106C805}.Release|Any CPU.Build.0 = Release|Any CPU
		{3F10E58B-F4E2-4C04-BDDA-B1CEBCB8513F}.Debug|Any CPU.ActiveCfg = Debug|Any CPU
		{3F10E58B-F4E2-4C04-BDDA-B1CEBCB8513F}.Debug|Any CPU.Build.0 = Debug|Any CPU
		{3F10E58B-F4E2-4C04-BDDA-B1CEBCB8513F}.Release|Any CPU.ActiveCfg = Release|Any CPU
		{3F10E58B-F4E2-4C04-BDDA-B1CEBCB8513F}.Release|Any CPU.Build.0 = Release|Any CPU
		{2B7106A9-07E6-49BE-BBE3-2EA51D21E3D2}.Debug|Any CPU.ActiveCfg = Debug|Any CPU
		{2B7106A9-07E6-49BE-BBE3-2EA51D21E3D2}.Debug|Any CPU.Build.0 = Debug|Any CPU
		{2B7106A9-07E6-49BE-BBE3-2EA51D21E3D2}.Release|Any CPU.ActiveCfg = Release|Any CPU
		{2B7106A9-07E6-49BE-BBE3-2EA51D21E3D2}.Release|Any CPU.Build.0 = Release|Any CPU
	EndGlobalSection
	GlobalSection(SolutionProperties) = preSolution
		HideSolutionNode = FALSE
	EndGlobalSection
	GlobalSection(NestedProjects) = preSolution
		{D7BC8073-8028-4609-9E3A-81BAA4DE68B3} = {EFB2B3DF-52CA-4059-B76E-7C368BCA0A90}
		{9633A8BD-5324-4931-91A3-41EB712327DB} = {EFB2B3DF-52CA-4059-B76E-7C368BCA0A90}
		{049D0E6B-677E-4437-8428-AA2D2741F519} = {EFB2B3DF-52CA-4059-B76E-7C368BCA0A90}
		{85C14E4A-6D90-47EF-BD25-D82DC1FDD977} = {D7BC8073-8028-4609-9E3A-81BAA4DE68B3}
		{9EF93013-2180-4541-B86B-98EAC5AE1A69} = {D7BC8073-8028-4609-9E3A-81BAA4DE68B3}
		{AC303B28-24F3-4D78-A8B6-E7EAC106C805} = {9633A8BD-5324-4931-91A3-41EB712327DB}
		{3F10E58B-F4E2-4C04-BDDA-B1CEBCB8513F} = {9633A8BD-5324-4931-91A3-41EB712327DB}
		{2B7106A9-07E6-49BE-BBE3-2EA51D21E3D2} = {049D0E6B-677E-4437-8428-AA2D2741F519}
	EndGlobalSection
	GlobalSection(ExtensibilityGlobals) = postSolution
		SolutionGuid = {38CCAAEF-DF67-4DF5-9081-571F287C41C1}
	EndGlobalSection
EndGlobal
