
Microsoft Visual Studio Solution File, Format Version 12.00
# Visual Studio Version 17
VisualStudioVersion = 17.7.34024.191
MinimumVisualStudioVersion = 10.0.40219.1
Project("{2150E333-8FDC-42A3-9474-1A3956D46DE8}") = "Doc", "Doc", "{964A8565-0B5D-44B0-98F7-F72D40F22CDB}"
EndProject
Project("{2150E333-8FDC-42A3-9474-1A3956D46DE8}") = "Solution Items", "Solution Items", "{979667AA-C740-4448-96F9-AB06E0D70059}"
EndProject
Project("{2150E333-8FDC-42A3-9474-1A3956D46DE8}") = "Src", "Src", "{EFB2B3DF-52CA-4059-B76E-7C368BCA0A90}"
EndProject
Project("{2150E333-8FDC-42A3-9474-1A3956D46DE8}") = "Tests", "Tests", "{8C85F222-FF7C-46BF-AD8B-60CCE09D48D8}"
EndProject
Project("{2150E333-8FDC-42A3-9474-1A3956D46DE8}") = "Core", "Core", "{D7BC8073-8028-4609-9E3A-81BAA4DE68B3}"
EndProject
Project("{2150E333-8FDC-42A3-9474-1A3956D46DE8}") = "Infrastructures", "Infrastructures", "{9633A8BD-5324-4931-91A3-41EB712327DB}"
EndProject
Project("{2150E333-8FDC-42A3-9474-1A3956D46DE8}") = "Presentation", "Presentation", "{049D0E6B-677E-4437-8428-AA2D2741F519}"
EndProject
Project("{9A19103F-16F7-4668-BE54-9A1E7A4F7556}") = "WebSite.EndPoint", "WebSite.EndPoint\WebSite.EndPoint.csproj", "{A3027DFE-2D2D-4EDC-A6F0-197C6F746D5F}"
EndProject
Project("{9A19103F-16F7-4668-BE54-9A1E7A4F7556}") = "Persistence", "Persistence\Persistence.csproj", "{9740B214-4642-47BF-A45D-B00F8A08320C}"
EndProject
Project("{9A19103F-16F7-4668-BE54-9A1E7A4F7556}") = "Infrastructure", "Infrastructure\Infrastructure.csproj", "{8BB4A5CF-5694-48DB-A04F-885FDD9D9C3F}"
EndProject
Project("{9A19103F-16F7-4668-BE54-9A1E7A4F7556}") = "Domain", "Domain\Domain.csproj", "{1B4E7178-0987-4D58-8FC6-A1D20BE79BC2}"
EndProject
Project("{9A19103F-16F7-4668-BE54-9A1E7A4F7556}") = "Application", "Application\Application.csproj", "{D07F8DF3-38EF-4CD7-B2C9-D0B72C3C550A}"
EndProject
Project("{FAE04EC0-301F-11D3-BF4B-00C04F79EFBC}") = "Admin.EndPoint", "Admin.EndPoint\Admin.EndPoint.csproj", "{9E65654B-2324-483A-81B9-50D59F100A77}"
EndProject
Global
	GlobalSection(SolutionConfigurationPlatforms) = preSolution
		Debug|Any CPU = Debug|Any CPU
		Release|Any CPU = Release|Any CPU
	EndGlobalSection
	GlobalSection(ProjectConfigurationPlatforms) = postSolution
		{A3027DFE-2D2D-4EDC-A6F0-197C6F746D5F}.Debug|Any CPU.ActiveCfg = Debug|Any CPU
		{A3027DFE-2D2D-4EDC-A6F0-197C6F746D5F}.Debug|Any CPU.Build.0 = Debug|Any CPU
		{A3027DFE-2D2D-4EDC-A6F0-197C6F746D5F}.Release|Any CPU.ActiveCfg = Release|Any CPU
		{A3027DFE-2D2D-4EDC-A6F0-197C6F746D5F}.Release|Any CPU.Build.0 = Release|Any CPU
		{9740B214-4642-47BF-A45D-B00F8A08320C}.Debug|Any CPU.ActiveCfg = Debug|Any CPU
		{9740B214-4642-47BF-A45D-B00F8A08320C}.Debug|Any CPU.Build.0 = Debug|Any CPU
		{9740B214-4642-47BF-A45D-B00F8A08320C}.Release|Any CPU.ActiveCfg = Release|Any CPU
		{9740B214-4642-47BF-A45D-B00F8A08320C}.Release|Any CPU.Build.0 = Release|Any CPU
		{8BB4A5CF-5694-48DB-A04F-885FDD9D9C3F}.Debug|Any CPU.ActiveCfg = Debug|Any CPU
		{8BB4A5CF-5694-48DB-A04F-885FDD9D9C3F}.Debug|Any CPU.Build.0 = Debug|Any CPU
		{8BB4A5CF-5694-48DB-A04F-885FDD9D9C3F}.Release|Any CPU.ActiveCfg = Release|Any CPU
		{8BB4A5CF-5694-48DB-A04F-885FDD9D9C3F}.Release|Any CPU.Build.0 = Release|Any CPU
		{1B4E7178-0987-4D58-8FC6-A1D20BE79BC2}.Debug|Any CPU.ActiveCfg = Debug|Any CPU
		{1B4E7178-0987-4D58-8FC6-A1D20BE79BC2}.Debug|Any CPU.Build.0 = Debug|Any CPU
		{1B4E7178-0987-4D58-8FC6-A1D20BE79BC2}.Release|Any CPU.ActiveCfg = Release|Any CPU
		{1B4E7178-0987-4D58-8FC6-A1D20BE79BC2}.Release|Any CPU.Build.0 = Release|Any CPU
		{D07F8DF3-38EF-4CD7-B2C9-D0B72C3C550A}.Debug|Any CPU.ActiveCfg = Debug|Any CPU
		{D07F8DF3-38EF-4CD7-B2C9-D0B72C3C550A}.Debug|Any CPU.Build.0 = Debug|Any CPU
		{D07F8DF3-38EF-4CD7-B2C9-D0B72C3C550A}.Release|Any CPU.ActiveCfg = Release|Any CPU
		{D07F8DF3-38EF-4CD7-B2C9-D0B72C3C550A}.Release|Any CPU.Build.0 = Release|Any CPU
		{9E65654B-2324-483A-81B9-50D59F100A77}.Debug|Any CPU.ActiveCfg = Debug|Any CPU
		{9E65654B-2324-483A-81B9-50D59F100A77}.Debug|Any CPU.Build.0 = Debug|Any CPU
		{9E65654B-2324-483A-81B9-50D59F100A77}.Release|Any CPU.ActiveCfg = Release|Any CPU
		{9E65654B-2324-483A-81B9-50D59F100A77}.Release|Any CPU.Build.0 = Release|Any CPU
	EndGlobalSection
	GlobalSection(SolutionProperties) = preSolution
		HideSolutionNode = FALSE
	EndGlobalSection
	GlobalSection(NestedProjects) = preSolution
		{D7BC8073-8028-4609-9E3A-81BAA4DE68B3} = {EFB2B3DF-52CA-4059-B76E-7C368BCA0A90}
		{9633A8BD-5324-4931-91A3-41EB712327DB} = {EFB2B3DF-52CA-4059-B76E-7C368BCA0A90}
		{049D0E6B-677E-4437-8428-AA2D2741F519} = {EFB2B3DF-52CA-4059-B76E-7C368BCA0A90}
		{A3027DFE-2D2D-4EDC-A6F0-197C6F746D5F} = {049D0E6B-677E-4437-8428-AA2D2741F519}
		{9740B214-4642-47BF-A45D-B00F8A08320C} = {9633A8BD-5324-4931-91A3-41EB712327DB}
		{8BB4A5CF-5694-48DB-A04F-885FDD9D9C3F} = {9633A8BD-5324-4931-91A3-41EB712327DB}
		{1B4E7178-0987-4D58-8FC6-A1D20BE79BC2} = {D7BC8073-8028-4609-9E3A-81BAA4DE68B3}
		{D07F8DF3-38EF-4CD7-B2C9-D0B72C3C550A} = {D7BC8073-8028-4609-9E3A-81BAA4DE68B3}
		{9E65654B-2324-483A-81B9-50D59F100A77} = {049D0E6B-677E-4437-8428-AA2D2741F519}
	EndGlobalSection
	GlobalSection(ExtensibilityGlobals) = postSolution
		SolutionGuid = {38CCAAEF-DF67-4DF5-9081-571F287C41C1}
	EndGlobalSection
EndGlobal
